
Microsoft Visual Studio Solution File, Format Version 12.00
# Visual Studio Version 16
VisualStudioVersion = 16.0.30611.23
MinimumVisualStudioVersion = 10.0.40219.1
Project("{FAE04EC0-301F-11D3-BF4B-00C04F79EFBC}") = "WebAPI", "WebAPI\WebAPI.csproj", "{76DE0735-17BF-4ACE-B60C-237048FA41A8}"
EndProject
Project("{FAE04EC0-301F-11D3-BF4B-00C04F79EFBC}") = "Varga_Adam_Lab12.Android", "Varga_Adam_Lab12\Varga_Adam_Lab12.Android\Varga_Adam_Lab12.Android.csproj", "{631E527D-8050-4D30-B8D0-829550E45971}"
EndProject
Project("{FAE04EC0-301F-11D3-BF4B-00C04F79EFBC}") = "Varga_Adam_Lab12.iOS", "Varga_Adam_Lab12\Varga_Adam_Lab12.iOS\Varga_Adam_Lab12.iOS.csproj", "{116D33AE-F928-4C74-92D4-79E2DDDC39A4}"
EndProject
Project("{FAE04EC0-301F-11D3-BF4B-00C04F79EFBC}") = "Varga_Adam_Lab12", "Varga_Adam_Lab12\Varga_Adam_Lab12\Varga_Adam_Lab12.csproj", "{54FE6A99-B7BF-4123-A925-25B14E66693B}"
EndProject
Global
	GlobalSection(SolutionConfigurationPlatforms) = preSolution
		Debug|Any CPU = Debug|Any CPU
		Debug|iPhone = Debug|iPhone
		Debug|iPhoneSimulator = Debug|iPhoneSimulator
		Release|Any CPU = Release|Any CPU
		Release|iPhone = Release|iPhone
		Release|iPhoneSimulator = Release|iPhoneSimulator
	EndGlobalSection
	GlobalSection(ProjectConfigurationPlatforms) = postSolution
		{76DE0735-17BF-4ACE-B60C-237048FA41A8}.Debug|Any CPU.ActiveCfg = Debug|Any CPU
		{76DE0735-17BF-4ACE-B60C-237048FA41A8}.Debug|Any CPU.Build.0 = Debug|Any CPU
		{76DE0735-17BF-4ACE-B60C-237048FA41A8}.Debug|iPhone.ActiveCfg = Debug|Any CPU
		{76DE0735-17BF-4ACE-B60C-237048FA41A8}.Debug|iPhone.Build.0 = Debug|Any CPU
		{76DE0735-17BF-4ACE-B60C-237048FA41A8}.Debug|iPhoneSimulator.ActiveCfg = Debug|Any CPU
		{76DE0735-17BF-4ACE-B60C-237048FA41A8}.Debug|iPhoneSimulator.Build.0 = Debug|Any CPU
		{76DE0735-17BF-4ACE-B60C-237048FA41A8}.Release|Any CPU.ActiveCfg = Release|Any CPU
		{76DE0735-17BF-4ACE-B60C-237048FA41A8}.Release|Any CPU.Build.0 = Release|Any CPU
		{76DE0735-17BF-4ACE-B60C-237048FA41A8}.Release|iPhone.ActiveCfg = Release|Any CPU
		{76DE0735-17BF-4ACE-B60C-237048FA41A8}.Release|iPhone.Build.0 = Release|Any CPU
		{76DE0735-17BF-4ACE-B60C-237048FA41A8}.Release|iPhoneSimulator.ActiveCfg = Release|Any CPU
		{76DE0735-17BF-4ACE-B60C-237048FA41A8}.Release|iPhoneSimulator.Build.0 = Release|Any CPU
		{631E527D-8050-4D30-B8D0-829550E45971}.Debug|Any CPU.ActiveCfg = Debug|Any CPU
		{631E527D-8050-4D30-B8D0-829550E45971}.Debug|Any CPU.Build.0 = Debug|Any CPU
		{631E527D-8050-4D30-B8D0-829550E45971}.Debug|Any CPU.Deploy.0 = Debug|Any CPU
		{631E527D-8050-4D30-B8D0-829550E45971}.Debug|iPhone.ActiveCfg = Debug|Any CPU
		{631E527D-8050-4D30-B8D0-829550E45971}.Debug|iPhone.Build.0 = Debug|Any CPU
		{631E527D-8050-4D30-B8D0-829550E45971}.Debug|iPhone.Deploy.0 = Debug|Any CPU
		{631E527D-8050-4D30-B8D0-829550E45971}.Debug|iPhoneSimulator.ActiveCfg = Debug|Any CPU
		{631E527D-8050-4D30-B8D0-829550E45971}.Debug|iPhoneSimulator.Build.0 = Debug|Any CPU
		{631E527D-8050-4D30-B8D0-829550E45971}.Debug|iPhoneSimulator.Deploy.0 = Debug|Any CPU
		{631E527D-8050-4D30-B8D0-829550E45971}.Release|Any CPU.ActiveCfg = Release|Any CPU
		{631E527D-8050-4D30-B8D0-829550E45971}.Release|Any CPU.Build.0 = Release|Any CPU
		{631E527D-8050-4D30-B8D0-829550E45971}.Release|Any CPU.Deploy.0 = Release|Any CPU
		{631E527D-8050-4D30-B8D0-829550E45971}.Release|iPhone.ActiveCfg = Release|Any CPU
		{631E527D-8050-4D30-B8D0-829550E45971}.Release|iPhone.Build.0 = Release|Any CPU
		{631E527D-8050-4D30-B8D0-829550E45971}.Release|iPhone.Deploy.0 = Release|Any CPU
		{631E527D-8050-4D30-B8D0-829550E45971}.Release|iPhoneSimulator.ActiveCfg = Release|Any CPU
		{631E527D-8050-4D30-B8D0-829550E45971}.Release|iPhoneSimulator.Build.0 = Release|Any CPU
		{631E527D-8050-4D30-B8D0-829550E45971}.Release|iPhoneSimulator.Deploy.0 = Release|Any CPU
		{116D33AE-F928-4C74-92D4-79E2DDDC39A4}.Debug|Any CPU.ActiveCfg = Debug|iPhoneSimulator
		{116D33AE-F928-4C74-92D4-79E2DDDC39A4}.Debug|iPhone.ActiveCfg = Debug|iPhone
		{116D33AE-F928-4C74-92D4-79E2DDDC39A4}.Debug|iPhone.Build.0 = Debug|iPhone
		{116D33AE-F928-4C74-92D4-79E2DDDC39A4}.Debug|iPhoneSimulator.ActiveCfg = Debug|iPhoneSimulator
		{116D33AE-F928-4C74-92D4-79E2DDDC39A4}.Debug|iPhoneSimulator.Build.0 = Debug|iPhoneSimulator
		{116D33AE-F928-4C74-92D4-79E2DDDC39A4}.Release|Any CPU.ActiveCfg = Release|iPhoneSimulator
		{116D33AE-F928-4C74-92D4-79E2DDDC39A4}.Release|iPhone.ActiveCfg = Release|iPhone
		{116D33AE-F928-4C74-92D4-79E2DDDC39A4}.Release|iPhone.Build.0 = Release|iPhone
		{116D33AE-F928-4C74-92D4-79E2DDDC39A4}.Release|iPhoneSimulator.ActiveCfg = Release|iPhoneSimulator
		{116D33AE-F928-4C74-92D4-79E2DDDC39A4}.Release|iPhoneSimulator.Build.0 = Release|iPhoneSimulator
		{54FE6A99-B7BF-4123-A925-25B14E66693B}.Debug|Any CPU.ActiveCfg = Debug|Any CPU
		{54FE6A99-B7BF-4123-A925-25B14E66693B}.Debug|Any CPU.Build.0 = Debug|Any CPU
		{54FE6A99-B7BF-4123-A925-25B14E66693B}.Debug|iPhone.ActiveCfg = Debug|Any CPU
		{54FE6A99-B7BF-4123-A925-25B14E66693B}.Debug|iPhone.Build.0 = Debug|Any CPU
		{54FE6A99-B7BF-4123-A925-25B14E66693B}.Debug|iPhoneSimulator.ActiveCfg = Debug|Any CPU
		{54FE6A99-B7BF-4123-A925-25B14E66693B}.Debug|iPhoneSimulator.Build.0 = Debug|Any CPU
		{54FE6A99-B7BF-4123-A925-25B14E66693B}.Release|Any CPU.ActiveCfg = Release|Any CPU
		{54FE6A99-B7BF-4123-A925-25B14E66693B}.Release|Any CPU.Build.0 = Release|Any CPU
		{54FE6A99-B7BF-4123-A925-25B14E66693B}.Release|iPhone.ActiveCfg = Release|Any CPU
		{54FE6A99-B7BF-4123-A925-25B14E66693B}.Release|iPhone.Build.0 = Release|Any CPU
		{54FE6A99-B7BF-4123-A925-25B14E66693B}.Release|iPhoneSimulator.ActiveCfg = Release|Any CPU
		{54FE6A99-B7BF-4123-A925-25B14E66693B}.Release|iPhoneSimulator.Build.0 = Release|Any CPU
	EndGlobalSection
	GlobalSection(SolutionProperties) = preSolution
		HideSolutionNode = FALSE
	EndGlobalSection
	GlobalSection(ExtensibilityGlobals) = postSolution
		SolutionGuid = {8DF66661-EDC7-44A3-B93B-E0A3F706E737}
	EndGlobalSection
EndGlobal
